
Microsoft Visual Studio Solution File, Format Version 11.00
# Visual Studio 2010
Project("{F184B08F-C81C-45F6-A57F-5ABD9991F28F}") = "Forge.Templating", "Forge.Templating\Forge.Templating.vbproj", "{7178B021-D047-4511-A598-E868860F83F0}"
EndProject
Project("{F184B08F-C81C-45F6-A57F-5ABD9991F28F}") = "Forge.Templating.Tests", "Forge.Templating.Tests\Forge.Templating.Tests.vbproj", "{F8F18AF6-3035-4624-8AF1-3BFE9987377D}"
EndProject
Project("{F184B08F-C81C-45F6-A57F-5ABD9991F28F}") = "Forge.Templating.ConsoleTest", "Forge.Templating.ConsoleTest\Forge.Templating.ConsoleTest.vbproj", "{AEADF8C7-0CD9-4453-B699-D2E3F086199E}"
EndProject
Project("{FAE04EC0-301F-11D3-BF4B-00C04F79EFBC}") = "Forge.Templating.Specs", "Forge.Templating.Specs\Forge.Templating.Specs.csproj", "{5FB16B77-823A-4895-A4AA-6829EDBCCAAF}"
EndProject
Global
	GlobalSection(SolutionConfigurationPlatforms) = preSolution
		Debug|Any CPU = Debug|Any CPU
		Debug|Mixed Platforms = Debug|Mixed Platforms
		Debug|x86 = Debug|x86
		Release|Any CPU = Release|Any CPU
		Release|Mixed Platforms = Release|Mixed Platforms
		Release|x86 = Release|x86
	EndGlobalSection
	GlobalSection(ProjectConfigurationPlatforms) = postSolution
		{7178B021-D047-4511-A598-E868860F83F0}.Debug|Any CPU.ActiveCfg = Debug|x86
		{7178B021-D047-4511-A598-E868860F83F0}.Debug|Mixed Platforms.ActiveCfg = Debug|x86
		{7178B021-D047-4511-A598-E868860F83F0}.Debug|Mixed Platforms.Build.0 = Debug|x86
		{7178B021-D047-4511-A598-E868860F83F0}.Debug|x86.ActiveCfg = Debug|x86
		{7178B021-D047-4511-A598-E868860F83F0}.Debug|x86.Build.0 = Debug|x86
		{7178B021-D047-4511-A598-E868860F83F0}.Release|Any CPU.ActiveCfg = Release|x86
		{7178B021-D047-4511-A598-E868860F83F0}.Release|Mixed Platforms.ActiveCfg = Release|x86
		{7178B021-D047-4511-A598-E868860F83F0}.Release|Mixed Platforms.Build.0 = Release|x86
		{7178B021-D047-4511-A598-E868860F83F0}.Release|x86.ActiveCfg = Release|x86
		{7178B021-D047-4511-A598-E868860F83F0}.Release|x86.Build.0 = Release|x86
		{F8F18AF6-3035-4624-8AF1-3BFE9987377D}.Debug|Any CPU.ActiveCfg = Debug|Any CPU
		{F8F18AF6-3035-4624-8AF1-3BFE9987377D}.Debug|Any CPU.Build.0 = Debug|Any CPU
		{F8F18AF6-3035-4624-8AF1-3BFE9987377D}.Debug|Mixed Platforms.ActiveCfg = Debug|Any CPU
		{F8F18AF6-3035-4624-8AF1-3BFE9987377D}.Debug|Mixed Platforms.Build.0 = Debug|Any CPU
		{F8F18AF6-3035-4624-8AF1-3BFE9987377D}.Debug|x86.ActiveCfg = Debug|Any CPU
		{F8F18AF6-3035-4624-8AF1-3BFE9987377D}.Release|Any CPU.ActiveCfg = Release|Any CPU
		{F8F18AF6-3035-4624-8AF1-3BFE9987377D}.Release|Any CPU.Build.0 = Release|Any CPU
		{F8F18AF6-3035-4624-8AF1-3BFE9987377D}.Release|Mixed Platforms.ActiveCfg = Release|Any CPU
		{F8F18AF6-3035-4624-8AF1-3BFE9987377D}.Release|Mixed Platforms.Build.0 = Release|Any CPU
		{F8F18AF6-3035-4624-8AF1-3BFE9987377D}.Release|x86.ActiveCfg = Release|Any CPU
		{AEADF8C7-0CD9-4453-B699-D2E3F086199E}.Debug|Any CPU.ActiveCfg = Debug|x86
		{AEADF8C7-0CD9-4453-B699-D2E3F086199E}.Debug|Mixed Platforms.ActiveCfg = Debug|x86
		{AEADF8C7-0CD9-4453-B699-D2E3F086199E}.Debug|Mixed Platforms.Build.0 = Debug|x86
		{AEADF8C7-0CD9-4453-B699-D2E3F086199E}.Debug|x86.ActiveCfg = Debug|x86
		{AEADF8C7-0CD9-4453-B699-D2E3F086199E}.Debug|x86.Build.0 = Debug|x86
		{AEADF8C7-0CD9-4453-B699-D2E3F086199E}.Release|Any CPU.ActiveCfg = Release|x86
		{AEADF8C7-0CD9-4453-B699-D2E3F086199E}.Release|Mixed Platforms.ActiveCfg = Release|x86
		{AEADF8C7-0CD9-4453-B699-D2E3F086199E}.Release|Mixed Platforms.Build.0 = Release|x86
		{AEADF8C7-0CD9-4453-B699-D2E3F086199E}.Release|x86.ActiveCfg = Release|x86
		{AEADF8C7-0CD9-4453-B699-D2E3F086199E}.Release|x86.Build.0 = Release|x86
		{5FB16B77-823A-4895-A4AA-6829EDBCCAAF}.Debug|Any CPU.ActiveCfg = Debug|Any CPU
		{5FB16B77-823A-4895-A4AA-6829EDBCCAAF}.Debug|Any CPU.Build.0 = Debug|Any CPU
		{5FB16B77-823A-4895-A4AA-6829EDBCCAAF}.Debug|Mixed Platforms.ActiveCfg = Debug|Any CPU
		{5FB16B77-823A-4895-A4AA-6829EDBCCAAF}.Debug|Mixed Platforms.Build.0 = Debug|Any CPU
		{5FB16B77-823A-4895-A4AA-6829EDBCCAAF}.Debug|x86.ActiveCfg = Debug|Any CPU
		{5FB16B77-823A-4895-A4AA-6829EDBCCAAF}.Release|Any CPU.ActiveCfg = Release|Any CPU
		{5FB16B77-823A-4895-A4AA-6829EDBCCAAF}.Release|Any CPU.Build.0 = Release|Any CPU
		{5FB16B77-823A-4895-A4AA-6829EDBCCAAF}.Release|Mixed Platforms.ActiveCfg = Release|Any CPU
		{5FB16B77-823A-4895-A4AA-6829EDBCCAAF}.Release|Mixed Platforms.Build.0 = Release|Any CPU
		{5FB16B77-823A-4895-A4AA-6829EDBCCAAF}.Release|x86.ActiveCfg = Release|Any CPU
	EndGlobalSection
	GlobalSection(SolutionProperties) = preSolution
		HideSolutionNode = FALSE
	EndGlobalSection
EndGlobal
